
Microsoft Visual Studio Solution File, Format Version 12.00
# Visual Studio 15
VisualStudioVersion = 15.0.28010.2016
MinimumVisualStudioVersion = 10.0.40219.1
Project("{9A19103F-16F7-4668-BE54-9A1E7A4F7556}") = "NumberGenerator.Logic", "NumberGenerator.Logic\NumberGenerator.Logic.csproj", "{D8F786E8-8F09-4B3A-83E0-FC8ACD917E9D}"
EndProject
Project("{9A19103F-16F7-4668-BE54-9A1E7A4F7556}") = "NumberGenerator.Test", "NumberGenerator.Test\NumberGenerator.Test.csproj", "{39237045-0F6E-49FC-AFDA-0435ECE5E8C1}"
EndProject
Project("{9A19103F-16F7-4668-BE54-9A1E7A4F7556}") = "NumberGenerator.Ui", "NumberGenerator.Ui\NumberGenerator.Ui.csproj", "{AEE892C3-FB52-46B7-A104-6D74DC655D41}"
EndProject
Global
	GlobalSection(SolutionConfigurationPlatforms) = preSolution
		Debug|Any CPU = Debug|Any CPU
		Release|Any CPU = Release|Any CPU
	EndGlobalSection
	GlobalSection(ProjectConfigurationPlatforms) = postSolution
		{D8F786E8-8F09-4B3A-83E0-FC8ACD917E9D}.Debug|Any CPU.ActiveCfg = Debug|Any CPU
		{D8F786E8-8F09-4B3A-83E0-FC8ACD917E9D}.Debug|Any CPU.Build.0 = Debug|Any CPU
		{D8F786E8-8F09-4B3A-83E0-FC8ACD917E9D}.Release|Any CPU.ActiveCfg = Release|Any CPU
		{D8F786E8-8F09-4B3A-83E0-FC8ACD917E9D}.Release|Any CPU.Build.0 = Release|Any CPU
		{39237045-0F6E-49FC-AFDA-0435ECE5E8C1}.Debug|Any CPU.ActiveCfg = Debug|Any CPU
		{39237045-0F6E-49FC-AFDA-0435ECE5E8C1}.Debug|Any CPU.Build.0 = Debug|Any CPU
		{39237045-0F6E-49FC-AFDA-0435ECE5E8C1}.Release|Any CPU.ActiveCfg = Release|Any CPU
		{39237045-0F6E-49FC-AFDA-0435ECE5E8C1}.Release|Any CPU.Build.0 = Release|Any CPU
		{AEE892C3-FB52-46B7-A104-6D74DC655D41}.Debug|Any CPU.ActiveCfg = Debug|Any CPU
		{AEE892C3-FB52-46B7-A104-6D74DC655D41}.Debug|Any CPU.Build.0 = Debug|Any CPU
		{AEE892C3-FB52-46B7-A104-6D74DC655D41}.Release|Any CPU.ActiveCfg = Release|Any CPU
		{AEE892C3-FB52-46B7-A104-6D74DC655D41}.Release|Any CPU.Build.0 = Release|Any CPU
	EndGlobalSection
	GlobalSection(SolutionProperties) = preSolution
		HideSolutionNode = FALSE
	EndGlobalSection
	GlobalSection(ExtensibilityGlobals) = postSolution
		SolutionGuid = {D6E03AEF-CD31-45F2-907D-29487BFD3919}
	EndGlobalSection
EndGlobal
